
Microsoft Visual Studio Solution File, Format Version 12.00
# Visual Studio Version 17
VisualStudioVersion = 17.2.32630.192
MinimumVisualStudioVersion = 10.0.40219.1
Project("{FAE04EC0-301F-11D3-BF4B-00C04F79EFBC}") = "BlogApi", "BlogApi\BlogApi.csproj", "{F535E099-2D67-4566-B5C6-71CC886E63F8}"
EndProject
Project("{FAE04EC0-301F-11D3-BF4B-00C04F79EFBC}") = "DataAccessLayer", "DataAccessLayer\DataAccessLayer.csproj", "{C4DD07D8-46C2-4EA3-AC12-EAADC38EF7BC}"
EndProject
Project("{FAE04EC0-301F-11D3-BF4B-00C04F79EFBC}") = "BusinessLogicLayer", "BusinessLogicLayer\BusinessLogicLayer.csproj", "{99ECD655-A420-49E2-9DDE-4566C015A310}"
EndProject
Global
	GlobalSection(SolutionConfigurationPlatforms) = preSolution
		Debug|Any CPU = Debug|Any CPU
		Release|Any CPU = Release|Any CPU
	EndGlobalSection
	GlobalSection(ProjectConfigurationPlatforms) = postSolution
		{F535E099-2D67-4566-B5C6-71CC886E63F8}.Debug|Any CPU.ActiveCfg = Debug|Any CPU
		{F535E099-2D67-4566-B5C6-71CC886E63F8}.Debug|Any CPU.Build.0 = Debug|Any CPU
		{F535E099-2D67-4566-B5C6-71CC886E63F8}.Release|Any CPU.ActiveCfg = Release|Any CPU
		{F535E099-2D67-4566-B5C6-71CC886E63F8}.Release|Any CPU.Build.0 = Release|Any CPU
		{C4DD07D8-46C2-4EA3-AC12-EAADC38EF7BC}.Debug|Any CPU.ActiveCfg = Debug|Any CPU
		{C4DD07D8-46C2-4EA3-AC12-EAADC38EF7BC}.Debug|Any CPU.Build.0 = Debug|Any CPU
		{C4DD07D8-46C2-4EA3-AC12-EAADC38EF7BC}.Release|Any CPU.ActiveCfg = Release|Any CPU
		{C4DD07D8-46C2-4EA3-AC12-EAADC38EF7BC}.Release|Any CPU.Build.0 = Release|Any CPU
		{99ECD655-A420-49E2-9DDE-4566C015A310}.Debug|Any CPU.ActiveCfg = Debug|Any CPU
		{99ECD655-A420-49E2-9DDE-4566C015A310}.Debug|Any CPU.Build.0 = Debug|Any CPU
		{99ECD655-A420-49E2-9DDE-4566C015A310}.Release|Any CPU.ActiveCfg = Release|Any CPU
		{99ECD655-A420-49E2-9DDE-4566C015A310}.Release|Any CPU.Build.0 = Release|Any CPU
	EndGlobalSection
	GlobalSection(SolutionProperties) = preSolution
		HideSolutionNode = FALSE
	EndGlobalSection
	GlobalSection(ExtensibilityGlobals) = postSolution
		SolutionGuid = {D5641BFD-009A-491E-9C5C-1212C76F248F}
	EndGlobalSection
EndGlobal
